{
  "version": 4,
  "terraform_version": "1.12.2",
  "serial": 18,
  "lineage": "1f47924b-6653-4811-17ad-35aa6dd3c1ec",
  "outputs": {
    "router_privado_info": {
      "value": {
        "external_gateway": "012a01aa-d0aa-48c4-9636-fb566cbe85aa",
        "internal_interface": "192.168.100.0/24",
        "router_name": "router_privado"
      },
      "type": [
        "object",
        {
          "external_gateway": "string",
          "internal_interface": "string",
          "router_name": "string"
        }
      ]
    },
    "sg_wazuh_suricata_info": {
      "value": "sg_wazuh_suricata",
      "type": "string"
    }
  },
  "resources": [
    {
      "mode": "managed",
      "type": "openstack_compute_flavor_v2",
      "name": "large",
      "provider": "provider[\"registry.terraform.io/terraform-provider-openstack/openstack\"]",
      "instances": [
        {
          "schema_version": 0,
          "attributes": {
            "description": "",
            "disk": 40,
            "ephemeral": 0,
            "extra_specs": {},
            "flavor_id": "ddcf66b9-f501-4e27-9a6e-3ccc6396cc6d",
            "id": "ddcf66b9-f501-4e27-9a6e-3ccc6396cc6d",
            "is_public": false,
            "name": "large",
            "ram": 4096,
            "region": "RegionOne",
            "rx_tx_factor": 1,
            "swap": 0,
            "vcpus": 4
          },
          "sensitive_attributes": [],
          "identity_schema_version": 0,
          "private": "bnVsbA=="
        }
      ]
    },
    {
      "mode": "managed",
      "type": "openstack_compute_flavor_v2",
      "name": "medium",
      "provider": "provider[\"registry.terraform.io/terraform-provider-openstack/openstack\"]",
      "instances": [
        {
          "schema_version": 0,
          "attributes": {
            "description": "",
            "disk": 20,
            "ephemeral": 0,
            "extra_specs": {},
            "flavor_id": "edc74c57-ab02-4f5d-9535-f8ca8137f26c",
            "id": "edc74c57-ab02-4f5d-9535-f8ca8137f26c",
            "is_public": false,
            "name": "medium",
            "ram": 2048,
            "region": "RegionOne",
            "rx_tx_factor": 1,
            "swap": 0,
            "vcpus": 2
          },
          "sensitive_attributes": [],
          "identity_schema_version": 0,
          "private": "bnVsbA=="
        }
      ]
    },
    {
      "mode": "managed",
      "type": "openstack_compute_flavor_v2",
      "name": "small",
      "provider": "provider[\"registry.terraform.io/terraform-provider-openstack/openstack\"]",
      "instances": [
        {
          "schema_version": 0,
          "attributes": {
            "description": "",
            "disk": 10,
            "ephemeral": 0,
            "extra_specs": {},
            "flavor_id": "a479732e-811c-40f5-95c3-98fa30ada824",
            "id": "a479732e-811c-40f5-95c3-98fa30ada824",
            "is_public": false,
            "name": "small",
            "ram": 1024,
            "region": "RegionOne",
            "rx_tx_factor": 1,
            "swap": 0,
            "vcpus": 1
          },
          "sensitive_attributes": [],
          "identity_schema_version": 0,
          "private": "bnVsbA=="
        }
      ]
    },
    {
      "mode": "managed",
      "type": "openstack_compute_flavor_v2",
      "name": "tiny",
      "provider": "provider[\"registry.terraform.io/terraform-provider-openstack/openstack\"]",
      "instances": [
        {
          "schema_version": 0,
          "attributes": {
            "description": "",
            "disk": 5,
            "ephemeral": 0,
            "extra_specs": {},
            "flavor_id": "f73fdb8e-3d2b-4b73-b29b-7d45156ad2ec",
            "id": "f73fdb8e-3d2b-4b73-b29b-7d45156ad2ec",
            "is_public": false,
            "name": "tiny",
            "ram": 512,
            "region": "RegionOne",
            "rx_tx_factor": 1,
            "swap": 0,
            "vcpus": 1
          },
          "sensitive_attributes": [],
          "identity_schema_version": 0,
          "private": "bnVsbA=="
        }
      ]
    },
    {
      "mode": "managed",
      "type": "openstack_images_image_v2",
      "name": "debian",
      "provider": "provider[\"registry.terraform.io/terraform-provider-openstack/openstack\"]",
      "instances": [
        {
          "schema_version": 0,
          "attributes": {
            "checksum": "8a11fdbc401543cf6d088e94b9a626c2",
            "container_format": "bare",
            "created_at": "2025-10-24T10:52:12Z",
            "decompress": null,
            "disk_format": "qcow2",
            "file": "/v2/images/7d75f0bf-ee79-4900-8271-99518f612774/file",
            "hidden": false,
            "id": "7d75f0bf-ee79-4900-8271-99518f612774",
            "image_cache_path": "/home/younes/.terraform/image_cache",
            "image_id": "7d75f0bf-ee79-4900-8271-99518f612774",
            "image_source_password": null,
            "image_source_url": "https://cloud.debian.org/images/cloud/bookworm/latest/debian-12-generic-amd64.qcow2",
            "image_source_username": null,
            "local_file_path": null,
            "metadata": {},
            "min_disk_gb": 0,
            "min_ram_mb": 0,
            "name": "debian-12",
            "owner": "4c5d8a72d2f54527812515cd35c03219",
            "properties": {
              "os_hash_algo": "sha512",
              "os_hash_value": "be06e506319a7f0e3ee5ec2328595bc4c2205b91b4354ccbb2e6d88b047cf7288137bfa17a143ea611cb588adb9417847c0a5aec0addbbf2835f9f31e2e76547",
              "stores": "file"
            },
            "protected": false,
            "region": "RegionOne",
            "schema": "/v2/schemas/image",
            "size_bytes": 448720896,
            "status": "active",
            "tags": null,
            "timeouts": null,
            "update_at": "2025-10-24T10:52:22Z",
            "updated_at": "2025-10-24T10:52:22Z",
            "verify_checksum": null,
            "visibility": "public",
            "web_download": null
          },
          "sensitive_attributes": [
            [
              {
                "type": "get_attr",
                "value": "image_source_password"
              }
            ]
          ],
          "identity_schema_version": 0,
          "private": "eyJlMmJmYjczMC1lY2FhLTExZTYtOGY4OC0zNDM2M2JjN2M0YzAiOnsiY3JlYXRlIjoxODAwMDAwMDAwMDAwfX0="
        }
      ]
    },
    {
      "mode": "managed",
      "type": "openstack_images_image_v2",
      "name": "ubuntu",
      "provider": "provider[\"registry.terraform.io/terraform-provider-openstack/openstack\"]",
      "instances": [
        {
          "schema_version": 0,
          "attributes": {
            "checksum": "3267032aa5205ba2b37ac2a3ba9d7a88",
            "container_format": "bare",
            "created_at": "2025-10-24T10:52:12Z",
            "decompress": null,
            "disk_format": "qcow2",
            "file": "/v2/images/3028964e-52ea-44ec-98b6-4c3edeecd477/file",
            "hidden": false,
            "id": "3028964e-52ea-44ec-98b6-4c3edeecd477",
            "image_cache_path": "/home/younes/.terraform/image_cache",
            "image_id": "3028964e-52ea-44ec-98b6-4c3edeecd477",
            "image_source_password": null,
            "image_source_url": "https://cloud-images.ubuntu.com/jammy/current/jammy-server-cloudimg-amd64.img",
            "image_source_username": null,
            "local_file_path": null,
            "metadata": {},
            "min_disk_gb": 0,
            "min_ram_mb": 0,
            "name": "ubuntu-22.04",
            "owner": "4c5d8a72d2f54527812515cd35c03219",
            "properties": {
              "os_hash_algo": "sha512",
              "os_hash_value": "ca6a20afb9e43da193aa307da1e63220a706201eebe66a174de72c69f09842e3282fa54e378717883240600cbcce74c03551021fd5810dcba94ec08807932481",
              "stores": "file"
            },
            "protected": false,
            "region": "RegionOne",
            "schema": "/v2/schemas/image",
            "size_bytes": 689954304,
            "status": "active",
            "tags": null,
            "timeouts": null,
            "update_at": "2025-10-24T10:52:32Z",
            "updated_at": "2025-10-24T10:52:32Z",
            "verify_checksum": null,
            "visibility": "public",
            "web_download": null
          },
          "sensitive_attributes": [
            [
              {
                "type": "get_attr",
                "value": "image_source_password"
              }
            ]
          ],
          "identity_schema_version": 0,
          "private": "eyJlMmJmYjczMC1lY2FhLTExZTYtOGY4OC0zNDM2M2JjN2M0YzAiOnsiY3JlYXRlIjoxODAwMDAwMDAwMDAwfX0="
        }
      ]
    },
    {
      "mode": "managed",
      "type": "openstack_networking_network_v2",
      "name": "red_externa",
      "provider": "provider[\"registry.terraform.io/terraform-provider-openstack/openstack\"]",
      "instances": [
        {
          "schema_version": 0,
          "attributes": {
            "admin_state_up": true,
            "all_tags": [],
            "availability_zone_hints": [],
            "description": "",
            "dns_domain": "",
            "external": true,
            "id": "012a01aa-d0aa-48c4-9636-fb566cbe85aa",
            "mtu": 1450,
            "name": "red_externa",
            "port_security_enabled": true,
            "qos_policy_id": "",
            "region": "RegionOne",
            "segments": [
              {
                "network_type": "vxlan",
                "physical_network": "",
                "segmentation_id": 9
              }
            ],
            "shared": false,
            "tags": null,
            "tenant_id": "4c5d8a72d2f54527812515cd35c03219",
            "timeouts": null,
            "transparent_vlan": false,
            "value_specs": null
          },
          "sensitive_attributes": [],
          "identity_schema_version": 0,
          "private": "eyJlMmJmYjczMC1lY2FhLTExZTYtOGY4OC0zNDM2M2JjN2M0YzAiOnsiY3JlYXRlIjo2MDAwMDAwMDAwMDAsImRlbGV0ZSI6NjAwMDAwMDAwMDAwfX0="
        }
      ]
    },
    {
      "mode": "managed",
      "type": "openstack_networking_network_v2",
      "name": "red_privada",
      "provider": "provider[\"registry.terraform.io/terraform-provider-openstack/openstack\"]",
      "instances": [
        {
          "schema_version": 0,
          "attributes": {
            "admin_state_up": true,
            "all_tags": [],
            "availability_zone_hints": [],
            "description": "",
            "dns_domain": "",
            "external": false,
            "id": "bf90fccb-f79e-4d2e-a1ef-e982b2b7f686",
            "mtu": 1450,
            "name": "red_privada",
            "port_security_enabled": true,
            "qos_policy_id": "",
            "region": "RegionOne",
            "segments": [
              {
                "network_type": "vxlan",
                "physical_network": "",
                "segmentation_id": 206
              }
            ],
            "shared": false,
            "tags": null,
            "tenant_id": "4c5d8a72d2f54527812515cd35c03219",
            "timeouts": null,
            "transparent_vlan": false,
            "value_specs": null
          },
          "sensitive_attributes": [],
          "identity_schema_version": 0,
          "private": "eyJlMmJmYjczMC1lY2FhLTExZTYtOGY4OC0zNDM2M2JjN2M0YzAiOnsiY3JlYXRlIjo2MDAwMDAwMDAwMDAsImRlbGV0ZSI6NjAwMDAwMDAwMDAwfX0="
        }
      ]
    },
    {
      "mode": "managed",
      "type": "openstack_networking_router_interface_v2",
      "name": "router_privado_interface",
      "provider": "provider[\"registry.terraform.io/terraform-provider-openstack/openstack\"]",
      "instances": [
        {
          "schema_version": 0,
          "attributes": {
            "force_destroy": false,
            "id": "d1868479-3b3d-419f-a2b4-01d21b8422e4",
            "port_id": "d1868479-3b3d-419f-a2b4-01d21b8422e4",
            "region": "RegionOne",
            "router_id": "775921f9-7aea-4549-9114-bea960dc6294",
            "subnet_id": "83b6a051-5761-4b37-a665-a5b6fa7f1e75",
            "timeouts": null
          },
          "sensitive_attributes": [],
          "identity_schema_version": 0,
          "private": "eyJlMmJmYjczMC1lY2FhLTExZTYtOGY4OC0zNDM2M2JjN2M0YzAiOnsiY3JlYXRlIjo2MDAwMDAwMDAwMDAsImRlbGV0ZSI6NjAwMDAwMDAwMDAwfX0=",
          "dependencies": [
            "openstack_networking_network_v2.red_externa",
            "openstack_networking_network_v2.red_privada",
            "openstack_networking_router_v2.router_privado",
            "openstack_networking_subnet_v2.red_privada_subnet"
          ]
        }
      ]
    },
    {
      "mode": "managed",
      "type": "openstack_networking_router_v2",
      "name": "router_privado",
      "provider": "provider[\"registry.terraform.io/terraform-provider-openstack/openstack\"]",
      "instances": [
        {
          "schema_version": 0,
          "attributes": {
            "admin_state_up": true,
            "all_tags": [],
            "availability_zone_hints": [],
            "description": "",
            "distributed": false,
            "enable_snat": true,
            "external_fixed_ip": [
              {
                "ip_address": "10.0.2.153",
                "subnet_id": "ea0bf462-57ec-402b-af20-3d4729aac222"
              }
            ],
            "external_gateway": "012a01aa-d0aa-48c4-9636-fb566cbe85aa",
            "external_network_id": "012a01aa-d0aa-48c4-9636-fb566cbe85aa",
            "external_subnet_ids": null,
            "id": "775921f9-7aea-4549-9114-bea960dc6294",
            "name": "router_privado",
            "region": "RegionOne",
            "tags": null,
            "tenant_id": "4c5d8a72d2f54527812515cd35c03219",
            "timeouts": null,
            "value_specs": null,
            "vendor_options": []
          },
          "sensitive_attributes": [],
          "identity_schema_version": 0,
          "private": "eyJlMmJmYjczMC1lY2FhLTExZTYtOGY4OC0zNDM2M2JjN2M0YzAiOnsiY3JlYXRlIjo2MDAwMDAwMDAwMDAsImRlbGV0ZSI6NjAwMDAwMDAwMDAwfX0=",
          "dependencies": [
            "openstack_networking_network_v2.red_externa"
          ]
        }
      ]
    },
    {
      "mode": "managed",
      "type": "openstack_networking_secgroup_rule_v2",
      "name": "http_in",
      "provider": "provider[\"registry.terraform.io/terraform-provider-openstack/openstack\"]",
      "instances": [
        {
          "schema_version": 0,
          "attributes": {
            "description": "",
            "direction": "ingress",
            "ethertype": "IPv4",
            "id": "14508775-faaa-4565-a243-80b745e0868c",
            "port_range_max": 80,
            "port_range_min": 80,
            "protocol": "tcp",
            "region": "RegionOne",
            "remote_group_id": "",
            "remote_ip_prefix": "0.0.0.0/0",
            "security_group_id": "38ff6996-0bee-49b2-b780-125132238740",
            "tenant_id": "4c5d8a72d2f54527812515cd35c03219",
            "timeouts": null
          },
          "sensitive_attributes": [],
          "identity_schema_version": 0,
          "private": "eyJlMmJmYjczMC1lY2FhLTExZTYtOGY4OC0zNDM2M2JjN2M0YzAiOnsiZGVsZXRlIjo2MDAwMDAwMDAwMDB9fQ==",
          "dependencies": [
            "openstack_networking_secgroup_v2.sg_wazuh_suricata"
          ]
        }
      ]
    },
    {
      "mode": "managed",
      "type": "openstack_networking_secgroup_rule_v2",
      "name": "https_in",
      "provider": "provider[\"registry.terraform.io/terraform-provider-openstack/openstack\"]",
      "instances": [
        {
          "schema_version": 0,
          "attributes": {
            "description": "",
            "direction": "ingress",
            "ethertype": "IPv4",
            "id": "b5446a8b-03f7-4fd3-b154-3699d5dc3e95",
            "port_range_max": 443,
            "port_range_min": 443,
            "protocol": "tcp",
            "region": "RegionOne",
            "remote_group_id": "",
            "remote_ip_prefix": "0.0.0.0/0",
            "security_group_id": "38ff6996-0bee-49b2-b780-125132238740",
            "tenant_id": "4c5d8a72d2f54527812515cd35c03219",
            "timeouts": null
          },
          "sensitive_attributes": [],
          "identity_schema_version": 0,
          "private": "eyJlMmJmYjczMC1lY2FhLTExZTYtOGY4OC0zNDM2M2JjN2M0YzAiOnsiZGVsZXRlIjo2MDAwMDAwMDAwMDB9fQ==",
          "dependencies": [
            "openstack_networking_secgroup_v2.sg_wazuh_suricata"
          ]
        }
      ]
    },
    {
      "mode": "managed",
      "type": "openstack_networking_secgroup_rule_v2",
      "name": "icmp_in",
      "provider": "provider[\"registry.terraform.io/terraform-provider-openstack/openstack\"]",
      "instances": [
        {
          "schema_version": 0,
          "attributes": {
            "description": "",
            "direction": "ingress",
            "ethertype": "IPv4",
            "id": "69b767a7-31a5-4827-b32e-70c2067da303",
            "port_range_max": 0,
            "port_range_min": 0,
            "protocol": "icmp",
            "region": "RegionOne",
            "remote_group_id": "",
            "remote_ip_prefix": "0.0.0.0/0",
            "security_group_id": "38ff6996-0bee-49b2-b780-125132238740",
            "tenant_id": "4c5d8a72d2f54527812515cd35c03219",
            "timeouts": null
          },
          "sensitive_attributes": [],
          "identity_schema_version": 0,
          "private": "eyJlMmJmYjczMC1lY2FhLTExZTYtOGY4OC0zNDM2M2JjN2M0YzAiOnsiZGVsZXRlIjo2MDAwMDAwMDAwMDB9fQ==",
          "dependencies": [
            "openstack_networking_secgroup_v2.sg_wazuh_suricata"
          ]
        }
      ]
    },
    {
      "mode": "managed",
      "type": "openstack_networking_secgroup_rule_v2",
      "name": "ssh_in",
      "provider": "provider[\"registry.terraform.io/terraform-provider-openstack/openstack\"]",
      "instances": [
        {
          "schema_version": 0,
          "attributes": {
            "description": "",
            "direction": "ingress",
            "ethertype": "IPv4",
            "id": "797831ff-6553-409d-abd6-de0223768154",
            "port_range_max": 22,
            "port_range_min": 22,
            "protocol": "tcp",
            "region": "RegionOne",
            "remote_group_id": "",
            "remote_ip_prefix": "0.0.0.0/0",
            "security_group_id": "38ff6996-0bee-49b2-b780-125132238740",
            "tenant_id": "4c5d8a72d2f54527812515cd35c03219",
            "timeouts": null
          },
          "sensitive_attributes": [],
          "identity_schema_version": 0,
          "private": "eyJlMmJmYjczMC1lY2FhLTExZTYtOGY4OC0zNDM2M2JjN2M0YzAiOnsiZGVsZXRlIjo2MDAwMDAwMDAwMDB9fQ==",
          "dependencies": [
            "openstack_networking_secgroup_v2.sg_wazuh_suricata"
          ]
        }
      ]
    },
    {
      "mode": "managed",
      "type": "openstack_networking_secgroup_v2",
      "name": "sg_wazuh_suricata",
      "provider": "provider[\"registry.terraform.io/terraform-provider-openstack/openstack\"]",
      "instances": [
        {
          "schema_version": 0,
          "attributes": {
            "all_tags": [],
            "delete_default_rules": null,
            "description": "Reglas básicas: SSH, ICMP, HTTP, HTTPS",
            "id": "38ff6996-0bee-49b2-b780-125132238740",
            "name": "sg_wazuh_suricata",
            "region": "RegionOne",
            "tags": null,
            "tenant_id": "4c5d8a72d2f54527812515cd35c03219",
            "timeouts": null
          },
          "sensitive_attributes": [],
          "identity_schema_version": 0,
          "private": "eyJlMmJmYjczMC1lY2FhLTExZTYtOGY4OC0zNDM2M2JjN2M0YzAiOnsiZGVsZXRlIjo2MDAwMDAwMDAwMDB9fQ=="
        }
      ]
    },
    {
      "mode": "managed",
      "type": "openstack_networking_subnet_v2",
      "name": "red_externa_subnet",
      "provider": "provider[\"registry.terraform.io/terraform-provider-openstack/openstack\"]",
      "instances": [
        {
          "schema_version": 0,
          "attributes": {
            "all_tags": [],
            "allocation_pool": [
              {
                "end": "10.0.2.254",
                "start": "10.0.2.2"
              }
            ],
            "allocation_pools": [
              {
                "end": "10.0.2.254",
                "start": "10.0.2.2"
              }
            ],
            "cidr": "10.0.2.0/24",
            "description": "",
            "dns_nameservers": [
              "8.8.8.8",
              "1.1.1.1"
            ],
            "enable_dhcp": true,
            "gateway_ip": "10.0.2.1",
            "host_routes": [],
            "id": "ea0bf462-57ec-402b-af20-3d4729aac222",
            "ip_version": 4,
            "ipv6_address_mode": "",
            "ipv6_ra_mode": "",
            "name": "red_externa_subnet",
            "network_id": "012a01aa-d0aa-48c4-9636-fb566cbe85aa",
            "no_gateway": false,
            "prefix_length": null,
            "region": "RegionOne",
            "service_types": [],
            "subnetpool_id": "",
            "tags": null,
            "tenant_id": "4c5d8a72d2f54527812515cd35c03219",
            "timeouts": null,
            "value_specs": null
          },
          "sensitive_attributes": [],
          "identity_schema_version": 0,
          "private": "eyJlMmJmYjczMC1lY2FhLTExZTYtOGY4OC0zNDM2M2JjN2M0YzAiOnsiY3JlYXRlIjo2MDAwMDAwMDAwMDAsImRlbGV0ZSI6NjAwMDAwMDAwMDAwfX0=",
          "dependencies": [
            "openstack_networking_network_v2.red_externa"
          ]
        }
      ]
    },
    {
      "mode": "managed",
      "type": "openstack_networking_subnet_v2",
      "name": "red_privada_subnet",
      "provider": "provider[\"registry.terraform.io/terraform-provider-openstack/openstack\"]",
      "instances": [
        {
          "schema_version": 0,
          "attributes": {
            "all_tags": [],
            "allocation_pool": [
              {
                "end": "192.168.100.254",
                "start": "192.168.100.2"
              }
            ],
            "allocation_pools": [
              {
                "end": "192.168.100.254",
                "start": "192.168.100.2"
              }
            ],
            "cidr": "192.168.100.0/24",
            "description": "",
            "dns_nameservers": [
              "8.8.8.8",
              "1.1.1.1"
            ],
            "enable_dhcp": true,
            "gateway_ip": "192.168.100.1",
            "host_routes": [],
            "id": "83b6a051-5761-4b37-a665-a5b6fa7f1e75",
            "ip_version": 4,
            "ipv6_address_mode": "",
            "ipv6_ra_mode": "",
            "name": "red_privada_subnet",
            "network_id": "bf90fccb-f79e-4d2e-a1ef-e982b2b7f686",
            "no_gateway": false,
            "prefix_length": null,
            "region": "RegionOne",
            "service_types": [],
            "subnetpool_id": "",
            "tags": null,
            "tenant_id": "4c5d8a72d2f54527812515cd35c03219",
            "timeouts": null,
            "value_specs": null
          },
          "sensitive_attributes": [],
          "identity_schema_version": 0,
          "private": "eyJlMmJmYjczMC1lY2FhLTExZTYtOGY4OC0zNDM2M2JjN2M0YzAiOnsiY3JlYXRlIjo2MDAwMDAwMDAwMDAsImRlbGV0ZSI6NjAwMDAwMDAwMDAwfX0=",
          "dependencies": [
            "openstack_networking_network_v2.red_privada"
          ]
        }
      ]
    }
  ],
  "check_results": null
}
